<?xml version="1.0" encoding="utf-8"?>
<Project ToolsVersion="4.0" xmlns="http://schemas.microsoft.com/developer/msbuild/2003">
  <ItemGroup>
    <Filter Include="Mashenka">
      <UniqueIdentifier>{EDCF25CA-D99C-80D5-02B6-6E7DEEE1B563}</UniqueIdentifier>
    </Filter>
  </ItemGroup>
  <ItemGroup>
    <ClInclude Include="src\Mashenka.h" />
    <ClInclude Include="src\Mashenka\Application.h">
      <Filter>Mashenka</Filter>
    </ClInclude>
    <ClInclude Include="src\Mashenka\Core.h">
      <Filter>Mashenka</Filter>
    </ClInclude>
    <ClInclude Include="src\Mashenka\EntryPoint.h">
      <Filter>Mashenka</Filter>
    </ClInclude>
    <ClInclude Include="src\Mashenka\Log.h">
      <Filter>Mashenka</Filter>
    </ClInclude>
  </ItemGroup>
  <ItemGroup>
    <ClCompile Include="src\Mashenka\Application.cpp">
      <Filter>Mashenka</Filter>
    </ClCompile>
    <ClCompile Include="src\Mashenka\Log.cpp">
      <Filter>Mashenka</Filter>
    </ClCompile>
  </ItemGroup>
</Project>